
Microsoft Visual Studio Solution File, Format Version 12.00
# Visual Studio Version 17
VisualStudioVersion = 17.9.34728.123
MinimumVisualStudioVersion = 10.0.40219.1
Project("{9A19103F-16F7-4668-BE54-9A1E7A4F7556}") = "UserManagement", "UserManagement.csproj", "{B2BAE9CB-BBA5-4B26-8B70-11399F3A105B}"
EndProject
Project("{FAE04EC0-301F-11D3-BF4B-00C04F79EFBC}") = "ContactsManager", "..\ContactsManager\ContactsManager.csproj", "{14E84388-F2C9-4E16-96AE-D9C510D51FEB}"
EndProject
Global
	GlobalSection(SolutionConfigurationPlatforms) = preSolution
		Debug|Any CPU = Debug|Any CPU
		Release|Any CPU = Release|Any CPU
	EndGlobalSection
	GlobalSection(ProjectConfigurationPlatforms) = postSolution
		{B2BAE9CB-BBA5-4B26-8B70-11399F3A105B}.Debug|Any CPU.ActiveCfg = Debug|Any CPU
		{B2BAE9CB-BBA5-4B26-8B70-11399F3A105B}.Debug|Any CPU.Build.0 = Debug|Any CPU
		{B2BAE9CB-BBA5-4B26-8B70-11399F3A105B}.Release|Any CPU.ActiveCfg = Release|Any CPU
		{B2BAE9CB-BBA5-4B26-8B70-11399F3A105B}.Release|Any CPU.Build.0 = Release|Any CPU
		{14E84388-F2C9-4E16-96AE-D9C510D51FEB}.Debug|Any CPU.ActiveCfg = Debug|Any CPU
		{14E84388-F2C9-4E16-96AE-D9C510D51FEB}.Debug|Any CPU.Build.0 = Debug|Any CPU
		{14E84388-F2C9-4E16-96AE-D9C510D51FEB}.Release|Any CPU.ActiveCfg = Release|Any CPU
		{14E84388-F2C9-4E16-96AE-D9C510D51FEB}.Release|Any CPU.Build.0 = Release|Any CPU
	EndGlobalSection
	GlobalSection(SolutionProperties) = preSolution
		HideSolutionNode = FALSE
	EndGlobalSection
	GlobalSection(ExtensibilityGlobals) = postSolution
		SolutionGuid = {29ACB080-A59A-4AA9-929B-EEDFCC922590}
	EndGlobalSection
EndGlobal
